// !$*UTF8*$!
{
	archiveVersion = 1;
	classes = {
	};
	objectVersion = 46;
	objects = {

/* Begin PBXBuildFile section */
		637340A81E4E912200A3FCF8 /* Extensions.swift in Sources */ = {isa = PBXBuildFile; fileRef = 637340A71E4E912200A3FCF8 /* Extensions.swift */; };
		637340AA1E4E91DD00A3FCF8 /* Style.swift in Sources */ = {isa = PBXBuildFile; fileRef = 637340A91E4E91DD00A3FCF8 /* Style.swift */; };
		637340AE1E4E92F600A3FCF8 /* Style+myApp.swift in Sources */ = {isa = PBXBuildFile; fileRef = 637340AD1E4E92F600A3FCF8 /* Style+myApp.swift */; };
		637340B21E4EC37900A3FCF8 /* PlantDetails.swift in Sources */ = {isa = PBXBuildFile; fileRef = 637340B11E4EC37900A3FCF8 /* PlantDetails.swift */; };
		63BD33EF1E4D384D00BBF601 /* AppDelegate.swift in Sources */ = {isa = PBXBuildFile; fileRef = 63BD33EE1E4D384D00BBF601 /* AppDelegate.swift */; };
		63BD33F11E4D384D00BBF601 /* ActivityMonthViewController.swift in Sources */ = {isa = PBXBuildFile; fileRef = 63BD33F01E4D384D00BBF601 /* ActivityMonthViewController.swift */; };
		63BD33F41E4D384D00BBF601 /* Main.storyboard in Resources */ = {isa = PBXBuildFile; fileRef = 63BD33F21E4D384D00BBF601 /* Main.storyboard */; };
		63BD33F61E4D384D00BBF601 /* Assets.xcassets in Resources */ = {isa = PBXBuildFile; fileRef = 63BD33F51E4D384D00BBF601 /* Assets.xcassets */; };
		63BD33F91E4D384D00BBF601 /* LaunchScreen.storyboard in Resources */ = {isa = PBXBuildFile; fileRef = 63BD33F71E4D384D00BBF601 /* LaunchScreen.storyboard */; };
/* End PBXBuildFile section */

/* Begin PBXFileReference section */
		637340A71E4E912200A3FCF8 /* Extensions.swift */ = {isa = PBXFileReference; fileEncoding = 4; lastKnownFileType = sourcecode.swift; path = Extensions.swift; sourceTree = "<group>"; };
		637340A91E4E91DD00A3FCF8 /* Style.swift */ = {isa = PBXFileReference; fileEncoding = 4; lastKnownFileType = sourcecode.swift; path = Style.swift; sourceTree = "<group>"; };
		637340AD1E4E92F600A3FCF8 /* Style+myApp.swift */ = {isa = PBXFileReference; fileEncoding = 4; lastKnownFileType = sourcecode.swift; path = "Style+myApp.swift"; sourceTree = "<group>"; };
		637340B11E4EC37900A3FCF8 /* PlantDetails.swift */ = {isa = PBXFileReference; fileEncoding = 4; lastKnownFileType = sourcecode.swift; path = PlantDetails.swift; sourceTree = "<group>"; };
		63BD33EB1E4D384D00BBF601 /* RotateScreen.app */ = {isa = PBXFileReference; explicitFileType = wrapper.application; includeInIndex = 0; path = RotateScreen.app; sourceTree = BUILT_PRODUCTS_DIR; };
		63BD33EE1E4D384D00BBF601 /* AppDelegate.swift */ = {isa = PBXFileReference; lastKnownFileType = sourcecode.swift; path = AppDelegate.swift; sourceTree = "<group>"; };
		63BD33F01E4D384D00BBF601 /* ActivityMonthViewController.swift */ = {isa = PBXFileReference; lastKnownFileType = sourcecode.swift; path = ActivityMonthViewController.swift; sourceTree = "<group>"; };
		63BD33F31E4D384D00BBF601 /* Base */ = {isa = PBXFileReference; lastKnownFileType = file.storyboard; name = Base; path = Base.lproj/Main.storyboard; sourceTree = "<group>"; };
		63BD33F51E4D384D00BBF601 /* Assets.xcassets */ = {isa = PBXFileReference; lastKnownFileType = folder.assetcatalog; path = Assets.xcassets; sourceTree = "<group>"; };
		63BD33F81E4D384D00BBF601 /* Base */ = {isa = PBXFileReference; lastKnownFileType = file.storyboard; name = Base; path = Base.lproj/LaunchScreen.storyboard; sourceTree = "<group>"; };
		63BD33FA1E4D384D00BBF601 /* Info.plist */ = {isa = PBXFileReference; lastKnownFileType = text.plist.xml; path = Info.plist; sourceTree = "<group>"; };
/* End PBXFileReference section */

/* Begin PBXFrameworksBuildPhase section */
		63BD33E81E4D384D00BBF601 /* Frameworks */ = {
			isa = PBXFrameworksBuildPhase;
			buildActionMask = 2147483647;
			files = (
			);
			runOnlyForDeploymentPostprocessing = 0;
		};
/* End PBXFrameworksBuildPhase section */

/* Begin PBXGroup section */
		637340AF1E4E96F800A3FCF8 /* AppStyle */ = {
			isa = PBXGroup;
			children = (
				637340A91E4E91DD00A3FCF8 /* Style.swift */,
				637340AD1E4E92F600A3FCF8 /* Style+myApp.swift */,
			);
			name = AppStyle;
			sourceTree = "<group>";
		};
		637340B01E4E970800A3FCF8 /* Extensions */ = {
			isa = PBXGroup;
			children = (
				637340A71E4E912200A3FCF8 /* Extensions.swift */,
			);
			name = Extensions;
			sourceTree = "<group>";
		};
		63BD33E21E4D384D00BBF601 = {
			isa = PBXGroup;
			children = (
				63BD33ED1E4D384D00BBF601 /* RotateScreen */,
				63BD33EC1E4D384D00BBF601 /* Products */,
			);
			sourceTree = "<group>";
		};
		63BD33EC1E4D384D00BBF601 /* Products */ = {
			isa = PBXGroup;
			children = (
				63BD33EB1E4D384D00BBF601 /* RotateScreen.app */,
			);
			name = Products;
			sourceTree = "<group>";
		};
		63BD33ED1E4D384D00BBF601 /* RotateScreen */ = {
			isa = PBXGroup;
			children = (
				63BD33EE1E4D384D00BBF601 /* AppDelegate.swift */,
				637340B11E4EC37900A3FCF8 /* PlantDetails.swift */,
				63BD33F01E4D384D00BBF601 /* ActivityMonthViewController.swift */,
				63BD33F21E4D384D00BBF601 /* Main.storyboard */,
				63BD33F51E4D384D00BBF601 /* Assets.xcassets */,
				63BD33F71E4D384D00BBF601 /* LaunchScreen.storyboard */,
				63BD33FA1E4D384D00BBF601 /* Info.plist */,
				637340B01E4E970800A3FCF8 /* Extensions */,
				637340AF1E4E96F800A3FCF8 /* AppStyle */,
			);
			path = RotateScreen;
			sourceTree = "<group>";
		};
/* End PBXGroup section */

/* Begin PBXNativeTarget section */
		63BD33EA1E4D384D00BBF601 /* RotateScreen */ = {
			isa = PBXNativeTarget;
			buildConfigurationList = 63BD33FD1E4D384D00BBF601 /* Build configuration list for PBXNativeTarget "RotateScreen" */;
			buildPhases = (
				63BD33E71E4D384D00BBF601 /* Sources */,
				63BD33E81E4D384D00BBF601 /* Frameworks */,
				63BD33E91E4D384D00BBF601 /* Resources */,
			);
			buildRules = (
			);
			dependencies = (
			);
			name = RotateScreen;
			productName = RotateScreen;
			productReference = 63BD33EB1E4D384D00BBF601 /* RotateScreen.app */;
			productType = "com.apple.product-type.application";
		};
/* End PBXNativeTarget section */

/* Begin PBXProject section */
		63BD33E31E4D384D00BBF601 /* Project object */ = {
			isa = PBXProject;
			attributes = {
				LastSwiftUpdateCheck = 0820;
				LastUpgradeCheck = 0820;
				ORGANIZATIONNAME = David;
				TargetAttributes = {
					63BD33EA1E4D384D00BBF601 = {
						CreatedOnToolsVersion = 8.2.1;
						DevelopmentTeam = TS49475533;
						ProvisioningStyle = Automatic;
					};
				};
			};
			buildConfigurationList = 63BD33E61E4D384D00BBF601 /* Build configuration list for PBXProject "RotateScreen" */;
			compatibilityVersion = "Xcode 3.2";
			developmentRegion = English;
			hasScannedForEncodings = 0;
			knownRegions = (
				en,
				Base,
			);
			mainGroup = 63BD33E21E4D384D00BBF601;
			productRefGroup = 63BD33EC1E4D384D00BBF601 /* Products */;
			projectDirPath = "";
			projectRoot = "";
			targets = (
				63BD33EA1E4D384D00BBF601 /* RotateScreen */,
			);
		};
/* End PBXProject section */

/* Begin PBXResourcesBuildPhase section */
		63BD33E91E4D384D00BBF601 /* Resources */ = {
			isa = PBXResourcesBuildPhase;
			buildActionMask = 2147483647;
			files = (
				63BD33F91E4D384D00BBF601 /* LaunchScreen.storyboard in Resources */,
				63BD33F61E4D384D00BBF601 /* Assets.xcassets in Resources */,
				63BD33F41E4D384D00BBF601 /* Main.storyboard in Resources */,
			);
			runOnlyForDeploymentPostprocessing = 0;
		};
/* End PBXResourcesBuildPhase section */

/* Begin PBXSourcesBuildPhase section */
		63BD33E71E4D384D00BBF601 /* Sources */ = {
			isa = PBXSourcesBuildPhase;
			buildActionMask = 2147483647;
			files = (
				63BD33F11E4D384D00BBF601 /* ActivityMonthViewController.swift in Sources */,
				637340AE1E4E92F600A3FCF8 /* Style+myApp.swift in Sources */,
				637340B21E4EC37900A3FCF8 /* PlantDetails.swift in Sources */,
				637340A81E4E912200A3FCF8 /* Extensions.swift in Sources */,
				63BD33EF1E4D384D00BBF601 /* AppDelegate.swift in Sources */,
				637340AA1E4E91DD00A3FCF8 /* Style.swift in Sources */,
			);
			runOnlyForDeploymentPostprocessing = 0;
		};
/* End PBXSourcesBuildPhase section */

/* Begin PBXVariantGroup section */
		63BD33F21E4D384D00BBF601 /* Main.storyboard */ = {
			isa = PBXVariantGroup;
			children = (
				63BD33F31E4D384D00BBF601 /* Base */,
			);
			name = Main.storyboard;
			sourceTree = "<group>";
		};
		63BD33F71E4D384D00BBF601 /* LaunchScreen.storyboard */ = {
			isa = PBXVariantGroup;
			children = (
				63BD33F81E4D384D00BBF601 /* Base */,
			);
			name = LaunchScreen.storyboard;
			sourceTree = "<group>";
		};
/* End PBXVariantGroup section */

/* Begin XCBuildConfiguration section */
		63BD33FB1E4D384D00BBF601 /* Debug */ = {
			isa = XCBuildConfiguration;
			buildSettings = {
				ALWAYS_SEARCH_USER_PATHS = NO;
				CLANG_ANALYZER_NONNULL = YES;
				CLANG_CXX_LANGUAGE_STANDARD = "gnu++0x";
				CLANG_CXX_LIBRARY = "libc++";
				CLANG_ENABLE_MODULES = YES;
				CLANG_ENABLE_OBJC_ARC = YES;
				CLANG_WARN_BOOL_CONVERSION = YES;
				CLANG_WARN_CONSTANT_CONVERSION = YES;
				CLANG_WARN_DIRECT_OBJC_ISA_USAGE = YES_ERROR;
				CLANG_WARN_DOCUMENTATION_COMMENTS = YES;
				CLANG_WARN_EMPTY_BODY = YES;
				CLANG_WARN_ENUM_CONVERSION = YES;
				CLANG_WARN_INFINITE_RECURSION = YES;
				CLANG_WARN_INT_CONVERSION = YES;
				CLANG_WARN_OBJC_ROOT_CLASS = YES_ERROR;
				CLANG_WARN_SUSPICIOUS_MOVE = YES;
				CLANG_WARN_UNREACHABLE_CODE = YES;
				CLANG_WARN__DUPLICATE_METHOD_MATCH = YES;
				"CODE_SIGN_IDENTITY[sdk=iphoneos*]" = "iPhone Developer";
				COPY_PHASE_STRIP = NO;
				DEBUG_INFORMATION_FORMAT = dwarf;
				ENABLE_STRICT_OBJC_MSGSEND = YES;
				ENABLE_TESTABILITY = YES;
				GCC_C_LANGUAGE_STANDARD = gnu99;
				GCC_DYNAMIC_NO_PIC = NO;
				GCC_NO_COMMON_BLOCKS = YES;
				GCC_OPTIMIZATION_LEVEL = 0;
				GCC_PREPROCESSOR_DEFINITIONS = (
					"DEBUG=1",
					"$(inherited)",
				);
				GCC_WARN_64_TO_32_BIT_CONVERSION = YES;
				GCC_WARN_ABOUT_RETURN_TYPE = YES_ERROR;
				GCC_WARN_UNDECLARED_SELECTOR = YES;
				GCC_WARN_UNINITIALIZED_AUTOS = YES_AGGRESSIVE;
				GCC_WARN_UNUSED_FUNCTION = YES;
				GCC_WARN_UNUSED_VARIABLE = YES;
				IPHONEOS_DEPLOYMENT_TARGET = 10.2;
				MTL_ENABLE_DEBUG_INFO = YES;
				ONLY_ACTIVE_ARCH = YES;
				SDKROOT = iphoneos;
				SWIFT_ACTIVE_COMPILATION_CONDITIONS = DEBUG;
				SWIFT_OPTIMIZATION_LEVEL = "-Onone";
				TARGETED_DEVICE_FAMILY = "1,2";
			};
			name = Debug;
		};
		63BD33FC1E4D384D00BBF601 /* Release */ = {
			isa = XCBuildConfiguration;
			buildSettings = {
				ALWAYS_SEARCH_USER_PATHS = NO;
				CLANG_ANALYZER_NONNULL = YES;
				CLANG_CXX_LANGUAGE_STANDARD = "gnu++0x";
				CLANG_CXX_LIBRARY = "libc++";
				CLANG_ENABLE_MODULES = YES;
				CLANG_ENABLE_OBJC_ARC = YES;
				CLANG_WARN_BOOL_CONVERSION = YES;
				CLANG_WARN_CONSTANT_CONVERSION = YES;
				CLANG_WARN_DIRECT_OBJC_ISA_USAGE = YES_ERROR;
				CLANG_WARN_DOCUMENTATION_COMMENTS = YES;
				CLANG_WARN_EMPTY_BODY = YES;
				CLANG_WARN_ENUM_CONVERSION = YES;
				CLANG_WARN_INFINITE_RECURSION = YES;
				CLANG_WARN_INT_CONVERSION = YES;
				CLANG_WARN_OBJC_ROOT_CLASS = YES_ERROR;
				CLANG_WARN_SUSPICIOUS_MOVE = YES;
				CLANG_WARN_UNREACHABLE_CODE = YES;
				CLANG_WARN__DUPLICATE_METHOD_MATCH = YES;
				"CODE_SIGN_IDENTITY[sdk=iphoneos*]" = "iPhone Developer";
				COPY_PHASE_STRIP = NO;
				DEBUG_INFORMATION_FORMAT = "dwarf-with-dsym";
				ENABLE_NS_ASSERTIONS = NO;
				ENABLE_STRICT_OBJC_MSGSEND = YES;
				GCC_C_LANGUAGE_STANDARD = gnu99;
				GCC_NO_COMMON_BLOCKS = YES;
				GCC_WARN_64_TO_32_BIT_CONVERSION = YES;
				GCC_WARN_ABOUT_RETURN_TYPE = YES_ERROR;
				GCC_WARN_UNDECLARED_SELECTOR = YES;
				GCC_WARN_UNINITIALIZED_AUTOS = YES_AGGRESSIVE;
				GCC_WARN_UNUSED_FUNCTION = YES;
				GCC_WARN_UNUSED_VARIABLE = YES;
				IPHONEOS_DEPLOYMENT_TARGET = 10.2;
				MTL_ENABLE_DEBUG_INFO = NO;
				SDKROOT = iphoneos;
				SWIFT_OPTIMIZATION_LEVEL = "-Owholemodule";
				TARGETED_DEVICE_FAMILY = "1,2";
				VALIDATE_PRODUCT = YES;
			};
			name = Release;
		};
		63BD33FE1E4D384D00BBF601 /* Debug */ = {
			isa = XCBuildConfiguration;
			buildSettings = {
				ASSETCATALOG_COMPILER_APPICON_NAME = AppIcon;
				DEVELOPMENT_TEAM = TS49475533;
				INFOPLIST_FILE = RotateScreen/Info.plist;
				LD_RUNPATH_SEARCH_PATHS = "$(inherited) @executable_path/Frameworks";
				PRODUCT_BUNDLE_IDENTIFIER = com.PermaculturePower.RotateScreen;
				PRODUCT_NAME = "$(TARGET_NAME)";
				SWIFT_VERSION = 3.0;
			};
			name = Debug;
		};
		63BD33FF1E4D384D00BBF601 /* Release */ = {
			isa = XCBuildConfiguration;
			buildSettings = {
				ASSETCATALOG_COMPILER_APPICON_NAME = AppIcon;
				DEVELOPMENT_TEAM = TS49475533;
				INFOPLIST_FILE = RotateScreen/Info.plist;
				LD_RUNPATH_SEARCH_PATHS = "$(inherited) @executable_path/Frameworks";
				PRODUCT_BUNDLE_IDENTIFIER = com.PermaculturePower.RotateScreen;
				PRODUCT_NAME = "$(TARGET_NAME)";
				SWIFT_VERSION = 3.0;
			};
			name = Release;
		};
/* End XCBuildConfiguration section */

/* Begin XCConfigurationList section */
		63BD33E61E4D384D00BBF601 /* Build configuration list for PBXProject "RotateScreen" */ = {
			isa = XCConfigurationList;
			buildConfigurations = (
				63BD33FB1E4D384D00BBF601 /* Debug */,
				63BD33FC1E4D384D00BBF601 /* Release */,
			);
			defaultConfigurationIsVisible = 0;
			defaultConfigurationName = Release;
		};
		63BD33FD1E4D384D00BBF601 /* Build configuration list for PBXNativeTarget "RotateScreen" */ = {
			isa = XCConfigurationList;
			buildConfigurations = (
				63BD33FE1E4D384D00BBF601 /* Debug */,
				63BD33FF1E4D384D00BBF601 /* Release */,
			);
			defaultConfigurationIsVisible = 0;
			defaultConfigurationName = Release;
		};
/* End XCConfigurationList section */
	};
	rootObject = 63BD33E31E4D384D00BBF601 /* Project object */;
}
